// !$*UTF8*$!
{
	archiveVersion = 1;
	classes = {
	};
	objectVersion = 46;
	objects = {

/* Begin PBXBuildFile section */
		4421A0C02378456C002ED863 /* 1_1_Statically_Typed.cpp in Sources */ = {isa = PBXBuildFile; fileRef = 4421A0BF2378456C002ED863 /* 1_1_Statically_Typed.cpp */; };
		4421A0C2237847A6002ED863 /* 1_2_Data_Type.cpp in Sources */ = {isa = PBXBuildFile; fileRef = 4421A0C1237847A6002ED863 /* 1_2_Data_Type.cpp */; };
		4421A0C423784A36002ED863 /* 1_3_Float_vs_Double.cpp in Sources */ = {isa = PBXBuildFile; fileRef = 4421A0C323784A36002ED863 /* 1_3_Float_vs_Double.cpp */; };
		4421A0C623784CDC002ED863 /* 1_4_Common_Errors.cpp in Sources */ = {isa = PBXBuildFile; fileRef = 4421A0C523784CDC002ED863 /* 1_4_Common_Errors.cpp */; };
		4421A0C9237850E8002ED863 /* 1_5_Anatomy_of_a_function.cpp in Sources */ = {isa = PBXBuildFile; fileRef = 4421A0C7237850E8002ED863 /* 1_5_Anatomy_of_a_function.cpp */; };
		4421A0CC237AE645002ED863 /* 1_6_if_boolean.cpp in Sources */ = {isa = PBXBuildFile; fileRef = 4421A0CB237AE645002ED863 /* 1_6_if_boolean.cpp */; };
		4421A0CE237AEAEE002ED863 /* 1_7_for_while.cpp in Sources */ = {isa = PBXBuildFile; fileRef = 4421A0CD237AEAEE002ED863 /* 1_7_for_while.cpp */; };
		4421A0D0237AF9EC002ED863 /* 1_8_switch.cpp in Sources */ = {isa = PBXBuildFile; fileRef = 4421A0CF237AF9EC002ED863 /* 1_8_switch.cpp */; };
		44673D0A238A880600D2DCE6 /* 3_4_Reading_txt.cpp in Sources */ = {isa = PBXBuildFile; fileRef = 44673D09238A880600D2DCE6 /* 3_4_Reading_txt.cpp */; };
		44673D0D238A8CEF00D2DCE6 /* 3_5_matrix_mul.cpp in Sources */ = {isa = PBXBuildFile; fileRef = 44673D0C238A8CEF00D2DCE6 /* 3_5_matrix_mul.cpp */; };
		44A71364237C460F00DCB66B /* 2_1_vectors.cpp in Sources */ = {isa = PBXBuildFile; fileRef = 44A71363237C460F00DCB66B /* 2_1_vectors.cpp */; };
		44A71366237C4B9E00DCB66B /* 2_2_namespace.cpp in Sources */ = {isa = PBXBuildFile; fileRef = 44A71365237C4B9E00DCB66B /* 2_2_namespace.cpp */; };
		44A71369237C4DA300DCB66B /* 2_3_initilalizing_vectors.cpp in Sources */ = {isa = PBXBuildFile; fileRef = 44A71368237C4DA300DCB66B /* 2_3_initilalizing_vectors.cpp */; };
		44A7136B237C569300DCB66B /* 2_4_for_loop.cpp in Sources */ = {isa = PBXBuildFile; fileRef = 44A7136A237C569300DCB66B /* 2_4_for_loop.cpp */; };
		44A7136D237DA65200DCB66B /* 2_5_1d_vector_playground.cpp in Sources */ = {isa = PBXBuildFile; fileRef = 44A7136C237DA65200DCB66B /* 2_5_1d_vector_playground.cpp */; };
		44A7136F2380FAAC00DCB66B /* 2_6_2d_vectors.cpp in Sources */ = {isa = PBXBuildFile; fileRef = 44A7136E2380FAAC00DCB66B /* 2_6_2d_vectors.cpp */; };
		44DCB8AF23843AF800A20F00 /* 3_1_main.cpp in Sources */ = {isa = PBXBuildFile; fileRef = 44DCB8AE23843AF800A20F00 /* 3_1_main.cpp */; };
		44DCB8B123843B2F00A20F00 /* 3_2_distance.cpp in Sources */ = {isa = PBXBuildFile; fileRef = 44DCB8B023843B2F00A20F00 /* 3_2_distance.cpp */; };
		44DCB8B823858F9600A20F00 /* 3_3_cin.cpp in Sources */ = {isa = PBXBuildFile; fileRef = 44DCB8B723858F9600A20F00 /* 3_3_cin.cpp */; };
/* End PBXBuildFile section */

/* Begin PBXCopyFilesBuildPhase section */
		44AB8B5D237841050078EA0A /* CopyFiles */ = {
			isa = PBXCopyFilesBuildPhase;
			buildActionMask = 2147483647;
			dstPath = /usr/share/man/man1/;
			dstSubfolderSpec = 0;
			files = (
			);
			runOnlyForDeploymentPostprocessing = 1;
		};
/* End PBXCopyFilesBuildPhase section */

/* Begin PBXFileReference section */
		4421A0BF2378456C002ED863 /* 1_1_Statically_Typed.cpp */ = {isa = PBXFileReference; fileEncoding = 4; lastKnownFileType = sourcecode.cpp.cpp; path = 1_1_Statically_Typed.cpp; sourceTree = "<group>"; };
		4421A0C1237847A6002ED863 /* 1_2_Data_Type.cpp */ = {isa = PBXFileReference; fileEncoding = 4; lastKnownFileType = sourcecode.cpp.cpp; path = 1_2_Data_Type.cpp; sourceTree = "<group>"; };
		4421A0C323784A36002ED863 /* 1_3_Float_vs_Double.cpp */ = {isa = PBXFileReference; fileEncoding = 4; lastKnownFileType = sourcecode.cpp.cpp; path = 1_3_Float_vs_Double.cpp; sourceTree = "<group>"; };
		4421A0C523784CDC002ED863 /* 1_4_Common_Errors.cpp */ = {isa = PBXFileReference; fileEncoding = 4; lastKnownFileType = sourcecode.cpp.cpp; path = 1_4_Common_Errors.cpp; sourceTree = "<group>"; };
		4421A0C7237850E8002ED863 /* 1_5_Anatomy_of_a_function.cpp */ = {isa = PBXFileReference; fileEncoding = 4; lastKnownFileType = sourcecode.cpp.cpp; path = 1_5_Anatomy_of_a_function.cpp; sourceTree = "<group>"; };
		4421A0CB237AE645002ED863 /* 1_6_if_boolean.cpp */ = {isa = PBXFileReference; fileEncoding = 4; lastKnownFileType = sourcecode.cpp.cpp; path = 1_6_if_boolean.cpp; sourceTree = "<group>"; };
		4421A0CD237AEAEE002ED863 /* 1_7_for_while.cpp */ = {isa = PBXFileReference; fileEncoding = 4; lastKnownFileType = sourcecode.cpp.cpp; path = 1_7_for_while.cpp; sourceTree = "<group>"; };
		4421A0CF237AF9EC002ED863 /* 1_8_switch.cpp */ = {isa = PBXFileReference; fileEncoding = 4; lastKnownFileType = sourcecode.cpp.cpp; path = 1_8_switch.cpp; sourceTree = "<group>"; };
		44673D09238A880600D2DCE6 /* 3_4_Reading_txt.cpp */ = {isa = PBXFileReference; fileEncoding = 4; lastKnownFileType = sourcecode.cpp.cpp; lineEnding = 0; path = 3_4_Reading_txt.cpp; sourceTree = "<group>"; };
		44673D0B238A884500D2DCE6 /* matrix.txt */ = {isa = PBXFileReference; fileEncoding = 4; lastKnownFileType = text; path = matrix.txt; sourceTree = "<group>"; };
		44673D0C238A8CEF00D2DCE6 /* 3_5_matrix_mul.cpp */ = {isa = PBXFileReference; fileEncoding = 4; lastKnownFileType = sourcecode.cpp.cpp; path = 3_5_matrix_mul.cpp; sourceTree = "<group>"; };
		44A71363237C460F00DCB66B /* 2_1_vectors.cpp */ = {isa = PBXFileReference; fileEncoding = 4; lastKnownFileType = sourcecode.cpp.cpp; path = 2_1_vectors.cpp; sourceTree = "<group>"; };
		44A71365237C4B9E00DCB66B /* 2_2_namespace.cpp */ = {isa = PBXFileReference; fileEncoding = 4; lastKnownFileType = sourcecode.cpp.cpp; path = 2_2_namespace.cpp; sourceTree = "<group>"; };
		44A71368237C4DA300DCB66B /* 2_3_initilalizing_vectors.cpp */ = {isa = PBXFileReference; fileEncoding = 4; lastKnownFileType = sourcecode.cpp.cpp; path = 2_3_initilalizing_vectors.cpp; sourceTree = "<group>"; };
		44A7136A237C569300DCB66B /* 2_4_for_loop.cpp */ = {isa = PBXFileReference; fileEncoding = 4; lastKnownFileType = sourcecode.cpp.cpp; path = 2_4_for_loop.cpp; sourceTree = "<group>"; };
		44A7136C237DA65200DCB66B /* 2_5_1d_vector_playground.cpp */ = {isa = PBXFileReference; fileEncoding = 4; lastKnownFileType = sourcecode.cpp.cpp; path = 2_5_1d_vector_playground.cpp; sourceTree = "<group>"; };
		44A7136E2380FAAC00DCB66B /* 2_6_2d_vectors.cpp */ = {isa = PBXFileReference; fileEncoding = 4; lastKnownFileType = sourcecode.cpp.cpp; path = 2_6_2d_vectors.cpp; sourceTree = "<group>"; };
		44AB8B5F237841050078EA0A /* CPP_tutorial */ = {isa = PBXFileReference; explicitFileType = "compiled.mach-o.executable"; includeInIndex = 0; path = CPP_tutorial; sourceTree = BUILT_PRODUCTS_DIR; };
		44DCB8AE23843AF800A20F00 /* 3_1_main.cpp */ = {isa = PBXFileReference; fileEncoding = 4; lastKnownFileType = sourcecode.cpp.cpp; path = 3_1_main.cpp; sourceTree = "<group>"; };
		44DCB8B023843B2F00A20F00 /* 3_2_distance.cpp */ = {isa = PBXFileReference; fileEncoding = 4; lastKnownFileType = sourcecode.cpp.cpp; path = 3_2_distance.cpp; sourceTree = "<group>"; };
		44DCB8B723858F9600A20F00 /* 3_3_cin.cpp */ = {isa = PBXFileReference; fileEncoding = 4; lastKnownFileType = sourcecode.cpp.cpp; path = 3_3_cin.cpp; sourceTree = "<group>"; };
/* End PBXFileReference section */

/* Begin PBXFrameworksBuildPhase section */
		44AB8B5C237841050078EA0A /* Frameworks */ = {
			isa = PBXFrameworksBuildPhase;
			buildActionMask = 2147483647;
			files = (
			);
			runOnlyForDeploymentPostprocessing = 0;
		};
/* End PBXFrameworksBuildPhase section */

/* Begin PBXGroup section */
		44A71361237C459300DCB66B /* 1_Getting_Started */ = {
			isa = PBXGroup;
			children = (
				4421A0BF2378456C002ED863 /* 1_1_Statically_Typed.cpp */,
				4421A0C1237847A6002ED863 /* 1_2_Data_Type.cpp */,
				4421A0C323784A36002ED863 /* 1_3_Float_vs_Double.cpp */,
				4421A0C523784CDC002ED863 /* 1_4_Common_Errors.cpp */,
				4421A0C7237850E8002ED863 /* 1_5_Anatomy_of_a_function.cpp */,
				4421A0CB237AE645002ED863 /* 1_6_if_boolean.cpp */,
				4421A0CD237AEAEE002ED863 /* 1_7_for_while.cpp */,
				4421A0CF237AF9EC002ED863 /* 1_8_switch.cpp */,
			);
			name = 1_Getting_Started;
			sourceTree = "<group>";
		};
		44A71362237C45D100DCB66B /* 2_Vectors */ = {
			isa = PBXGroup;
			children = (
				44A71363237C460F00DCB66B /* 2_1_vectors.cpp */,
				44A71365237C4B9E00DCB66B /* 2_2_namespace.cpp */,
				44A71368237C4DA300DCB66B /* 2_3_initilalizing_vectors.cpp */,
				44A7136A237C569300DCB66B /* 2_4_for_loop.cpp */,
				44A7136C237DA65200DCB66B /* 2_5_1d_vector_playground.cpp */,
				44A7136E2380FAAC00DCB66B /* 2_6_2d_vectors.cpp */,
			);
			name = 2_Vectors;
			sourceTree = "<group>";
		};
		44AB8B56237841050078EA0A = {
			isa = PBXGroup;
			children = (
				44AB8B61237841050078EA0A /* CPP_tutorial */,
				44AB8B60237841050078EA0A /* Products */,
			);
			sourceTree = "<group>";
		};
		44AB8B60237841050078EA0A /* Products */ = {
			isa = PBXGroup;
			children = (
				44AB8B5F237841050078EA0A /* CPP_tutorial */,
			);
			name = Products;
			sourceTree = "<group>";
		};
		44AB8B61237841050078EA0A /* CPP_tutorial */ = {
			isa = PBXGroup;
			children = (
				44DCB8A92384384D00A20F00 /* 3_Structuring */,
				44A71361237C459300DCB66B /* 1_Getting_Started */,
				44A71362237C45D100DCB66B /* 2_Vectors */,
			);
			path = CPP_tutorial;
			sourceTree = "<group>";
		};
		44DCB8A92384384D00A20F00 /* 3_Structuring */ = {
			isa = PBXGroup;
			children = (
				44673D0B238A884500D2DCE6 /* matrix.txt */,
				44DCB8AE23843AF800A20F00 /* 3_1_main.cpp */,
				44DCB8B023843B2F00A20F00 /* 3_2_distance.cpp */,
				44DCB8B723858F9600A20F00 /* 3_3_cin.cpp */,
				44673D09238A880600D2DCE6 /* 3_4_Reading_txt.cpp */,
				44673D0C238A8CEF00D2DCE6 /* 3_5_matrix_mul.cpp */,
			);
			name = 3_Structuring;
			sourceTree = "<group>";
		};
/* End PBXGroup section */

/* Begin PBXNativeTarget section */
		44AB8B5E237841050078EA0A /* CPP_tutorial */ = {
			isa = PBXNativeTarget;
			buildConfigurationList = 44AB8B66237841050078EA0A /* Build configuration list for PBXNativeTarget "CPP_tutorial" */;
			buildPhases = (
				44AB8B5B237841050078EA0A /* Sources */,
				44AB8B5C237841050078EA0A /* Frameworks */,
				44AB8B5D237841050078EA0A /* CopyFiles */,
			);
			buildRules = (
			);
			dependencies = (
			);
			name = CPP_tutorial;
			productName = CPP_tutorial;
			productReference = 44AB8B5F237841050078EA0A /* CPP_tutorial */;
			productType = "com.apple.product-type.tool";
		};
/* End PBXNativeTarget section */

/* Begin PBXProject section */
		44AB8B57237841050078EA0A /* Project object */ = {
			isa = PBXProject;
			attributes = {
				LastUpgradeCheck = 0830;
				ORGANIZATIONNAME = "Aravinda Gayan";
				TargetAttributes = {
					44AB8B5E237841050078EA0A = {
						CreatedOnToolsVersion = 8.3.2;
						ProvisioningStyle = Automatic;
					};
				};
			};
			buildConfigurationList = 44AB8B5A237841050078EA0A /* Build configuration list for PBXProject "CPP_tutorial" */;
			compatibilityVersion = "Xcode 3.2";
			developmentRegion = English;
			hasScannedForEncodings = 0;
			knownRegions = (
				en,
			);
			mainGroup = 44AB8B56237841050078EA0A;
			productRefGroup = 44AB8B60237841050078EA0A /* Products */;
			projectDirPath = "";
			projectRoot = "";
			targets = (
				44AB8B5E237841050078EA0A /* CPP_tutorial */,
			);
		};
/* End PBXProject section */

/* Begin PBXSourcesBuildPhase section */
		44AB8B5B237841050078EA0A /* Sources */ = {
			isa = PBXSourcesBuildPhase;
			buildActionMask = 2147483647;
			files = (
				44A71364237C460F00DCB66B /* 2_1_vectors.cpp in Sources */,
				44A7136B237C569300DCB66B /* 2_4_for_loop.cpp in Sources */,
				44A7136F2380FAAC00DCB66B /* 2_6_2d_vectors.cpp in Sources */,
				44DCB8B823858F9600A20F00 /* 3_3_cin.cpp in Sources */,
				44A7136D237DA65200DCB66B /* 2_5_1d_vector_playground.cpp in Sources */,
				44A71366237C4B9E00DCB66B /* 2_2_namespace.cpp in Sources */,
				4421A0C623784CDC002ED863 /* 1_4_Common_Errors.cpp in Sources */,
				4421A0C9237850E8002ED863 /* 1_5_Anatomy_of_a_function.cpp in Sources */,
				4421A0C423784A36002ED863 /* 1_3_Float_vs_Double.cpp in Sources */,
				4421A0C2237847A6002ED863 /* 1_2_Data_Type.cpp in Sources */,
				4421A0CE237AEAEE002ED863 /* 1_7_for_while.cpp in Sources */,
				44DCB8AF23843AF800A20F00 /* 3_1_main.cpp in Sources */,
				4421A0CC237AE645002ED863 /* 1_6_if_boolean.cpp in Sources */,
				4421A0D0237AF9EC002ED863 /* 1_8_switch.cpp in Sources */,
				44673D0A238A880600D2DCE6 /* 3_4_Reading_txt.cpp in Sources */,
				44673D0D238A8CEF00D2DCE6 /* 3_5_matrix_mul.cpp in Sources */,
				4421A0C02378456C002ED863 /* 1_1_Statically_Typed.cpp in Sources */,
				44A71369237C4DA300DCB66B /* 2_3_initilalizing_vectors.cpp in Sources */,
				44DCB8B123843B2F00A20F00 /* 3_2_distance.cpp in Sources */,
			);
			runOnlyForDeploymentPostprocessing = 0;
		};
/* End PBXSourcesBuildPhase section */

/* Begin XCBuildConfiguration section */
		44AB8B64237841050078EA0A /* Debug */ = {
			isa = XCBuildConfiguration;
			buildSettings = {
				ALWAYS_SEARCH_USER_PATHS = NO;
				CLANG_ANALYZER_NONNULL = YES;
				CLANG_ANALYZER_NUMBER_OBJECT_CONVERSION = YES_AGGRESSIVE;
				CLANG_CXX_LANGUAGE_STANDARD = "gnu++0x";
				CLANG_CXX_LIBRARY = "libc++";
				CLANG_ENABLE_MODULES = YES;
				CLANG_ENABLE_OBJC_ARC = YES;
				CLANG_WARN_BOOL_CONVERSION = YES;
				CLANG_WARN_CONSTANT_CONVERSION = YES;
				CLANG_WARN_DIRECT_OBJC_ISA_USAGE = YES_ERROR;
				CLANG_WARN_DOCUMENTATION_COMMENTS = YES;
				CLANG_WARN_EMPTY_BODY = YES;
				CLANG_WARN_ENUM_CONVERSION = YES;
				CLANG_WARN_INFINITE_RECURSION = YES;
				CLANG_WARN_INT_CONVERSION = YES;
				CLANG_WARN_OBJC_ROOT_CLASS = YES_ERROR;
				CLANG_WARN_SUSPICIOUS_MOVE = YES;
				CLANG_WARN_UNREACHABLE_CODE = YES;
				CLANG_WARN__DUPLICATE_METHOD_MATCH = YES;
				CODE_SIGN_IDENTITY = "-";
				COPY_PHASE_STRIP = NO;
				DEBUG_INFORMATION_FORMAT = dwarf;
				ENABLE_STRICT_OBJC_MSGSEND = YES;
				ENABLE_TESTABILITY = YES;
				GCC_C_LANGUAGE_STANDARD = gnu99;
				GCC_DYNAMIC_NO_PIC = NO;
				GCC_NO_COMMON_BLOCKS = YES;
				GCC_OPTIMIZATION_LEVEL = 0;
				GCC_PREPROCESSOR_DEFINITIONS = (
					"DEBUG=1",
					"$(inherited)",
				);
				GCC_WARN_64_TO_32_BIT_CONVERSION = YES;
				GCC_WARN_ABOUT_RETURN_TYPE = YES_ERROR;
				GCC_WARN_UNDECLARED_SELECTOR = YES;
				GCC_WARN_UNINITIALIZED_AUTOS = YES_AGGRESSIVE;
				GCC_WARN_UNUSED_FUNCTION = YES;
				GCC_WARN_UNUSED_VARIABLE = YES;
				MACOSX_DEPLOYMENT_TARGET = 10.12;
				MTL_ENABLE_DEBUG_INFO = YES;
				ONLY_ACTIVE_ARCH = YES;
				SDKROOT = macosx;
			};
			name = Debug;
		};
		44AB8B65237841050078EA0A /* Release */ = {
			isa = XCBuildConfiguration;
			buildSettings = {
				ALWAYS_SEARCH_USER_PATHS = NO;
				CLANG_ANALYZER_NONNULL = YES;
				CLANG_ANALYZER_NUMBER_OBJECT_CONVERSION = YES_AGGRESSIVE;
				CLANG_CXX_LANGUAGE_STANDARD = "gnu++0x";
				CLANG_CXX_LIBRARY = "libc++";
				CLANG_ENABLE_MODULES = YES;
				CLANG_ENABLE_OBJC_ARC = YES;
				CLANG_WARN_BOOL_CONVERSION = YES;
				CLANG_WARN_CONSTANT_CONVERSION = YES;
				CLANG_WARN_DIRECT_OBJC_ISA_USAGE = YES_ERROR;
				CLANG_WARN_DOCUMENTATION_COMMENTS = YES;
				CLANG_WARN_EMPTY_BODY = YES;
				CLANG_WARN_ENUM_CONVERSION = YES;
				CLANG_WARN_INFINITE_RECURSION = YES;
				CLANG_WARN_INT_CONVERSION = YES;
				CLANG_WARN_OBJC_ROOT_CLASS = YES_ERROR;
				CLANG_WARN_SUSPICIOUS_MOVE = YES;
				CLANG_WARN_UNREACHABLE_CODE = YES;
				CLANG_WARN__DUPLICATE_METHOD_MATCH = YES;
				CODE_SIGN_IDENTITY = "-";
				COPY_PHASE_STRIP = NO;
				DEBUG_INFORMATION_FORMAT = "dwarf-with-dsym";
				ENABLE_NS_ASSERTIONS = NO;
				ENABLE_STRICT_OBJC_MSGSEND = YES;
				GCC_C_LANGUAGE_STANDARD = gnu99;
				GCC_NO_COMMON_BLOCKS = YES;
				GCC_WARN_64_TO_32_BIT_CONVERSION = YES;
				GCC_WARN_ABOUT_RETURN_TYPE = YES_ERROR;
				GCC_WARN_UNDECLARED_SELECTOR = YES;
				GCC_WARN_UNINITIALIZED_AUTOS = YES_AGGRESSIVE;
				GCC_WARN_UNUSED_FUNCTION = YES;
				GCC_WARN_UNUSED_VARIABLE = YES;
				MACOSX_DEPLOYMENT_TARGET = 10.12;
				MTL_ENABLE_DEBUG_INFO = NO;
				SDKROOT = macosx;
			};
			name = Release;
		};
		44AB8B67237841050078EA0A /* Debug */ = {
			isa = XCBuildConfiguration;
			buildSettings = {
				PRODUCT_NAME = "$(TARGET_NAME)";
			};
			name = Debug;
		};
		44AB8B68237841050078EA0A /* Release */ = {
			isa = XCBuildConfiguration;
			buildSettings = {
				PRODUCT_NAME = "$(TARGET_NAME)";
			};
			name = Release;
		};
/* End XCBuildConfiguration section */

/* Begin XCConfigurationList section */
		44AB8B5A237841050078EA0A /* Build configuration list for PBXProject "CPP_tutorial" */ = {
			isa = XCConfigurationList;
			buildConfigurations = (
				44AB8B64237841050078EA0A /* Debug */,
				44AB8B65237841050078EA0A /* Release */,
			);
			defaultConfigurationIsVisible = 0;
			defaultConfigurationName = Release;
		};
		44AB8B66237841050078EA0A /* Build configuration list for PBXNativeTarget "CPP_tutorial" */ = {
			isa = XCConfigurationList;
			buildConfigurations = (
				44AB8B67237841050078EA0A /* Debug */,
				44AB8B68237841050078EA0A /* Release */,
			);
			defaultConfigurationIsVisible = 0;
			defaultConfigurationName = Release;
		};
/* End XCConfigurationList section */
	};
	rootObject = 44AB8B57237841050078EA0A /* Project object */;
}
